// !$*UTF8*$!
{
	archiveVersion = 1;
	classes = {
	};
	objectVersion = 56;
	objects = {

/* Begin PBXBuildFile section */
		4B3AC277290143E80028E443 /* Category.swift in Sources */ = {isa = PBXBuildFile; fileRef = 4B3AC276290143E80028E443 /* Category.swift */; };
		4B3AC27B29016A9F0028E443 /* CategoryItemView.swift in Sources */ = {isa = PBXBuildFile; fileRef = 4B3AC27A29016A9F0028E443 /* CategoryItemView.swift */; };
		4B3AC27D29016D3C0028E443 /* CategoryGridView.swift in Sources */ = {isa = PBXBuildFile; fileRef = 4B3AC27C29016D3C0028E443 /* CategoryGridView.swift */; };
		4B3AC27F29016F680028E443 /* SectionView.swift in Sources */ = {isa = PBXBuildFile; fileRef = 4B3AC27E29016F680028E443 /* SectionView.swift */; };
		4B5CB659290031690065CA8D /* TouchdownApp.swift in Sources */ = {isa = PBXBuildFile; fileRef = 4B5CB658290031690065CA8D /* TouchdownApp.swift */; };
		4B5CB65B290031690065CA8D /* HomeView.swift in Sources */ = {isa = PBXBuildFile; fileRef = 4B5CB65A290031690065CA8D /* HomeView.swift */; };
		4B5CB65D2900316B0065CA8D /* Assets.xcassets in Resources */ = {isa = PBXBuildFile; fileRef = 4B5CB65C2900316B0065CA8D /* Assets.xcassets */; };
		4B5CB6602900316B0065CA8D /* Preview Assets.xcassets in Resources */ = {isa = PBXBuildFile; fileRef = 4B5CB65F2900316B0065CA8D /* Preview Assets.xcassets */; };
		4B5CB66A290032550065CA8D /* brand.json in Resources */ = {isa = PBXBuildFile; fileRef = 4B5CB666290032550065CA8D /* brand.json */; };
		4B5CB66B290032550065CA8D /* player.json in Resources */ = {isa = PBXBuildFile; fileRef = 4B5CB667290032550065CA8D /* player.json */; };
		4B5CB66C290032550065CA8D /* product.json in Resources */ = {isa = PBXBuildFile; fileRef = 4B5CB668290032550065CA8D /* product.json */; };
		4B5CB66D290032550065CA8D /* category.json in Resources */ = {isa = PBXBuildFile; fileRef = 4B5CB669290032550065CA8D /* category.json */; };
		4B5CB671290032D20065CA8D /* ComposableArchitecture in Frameworks */ = {isa = PBXBuildFile; productRef = 4B5CB670290032D20065CA8D /* ComposableArchitecture */; };
		4B5CB673290032D20065CA8D /* Dependencies in Frameworks */ = {isa = PBXBuildFile; productRef = 4B5CB672290032D20065CA8D /* Dependencies */; };
		4B5CB6762900348E0065CA8D /* LaunchScreen.storyboard in Resources */ = {isa = PBXBuildFile; fileRef = 4B5CB6752900348E0065CA8D /* LaunchScreen.storyboard */; };
		4B5CB67C290036F90065CA8D /* Style.swift in Sources */ = {isa = PBXBuildFile; fileRef = 4B5CB67B290036F90065CA8D /* Style.swift */; };
		4B5CB67E290038270065CA8D /* FooterView.swift in Sources */ = {isa = PBXBuildFile; fileRef = 4B5CB67D290038270065CA8D /* FooterView.swift */; };
		4B5CB68129003A8B0065CA8D /* NavigationBar.swift in Sources */ = {isa = PBXBuildFile; fileRef = 4B5CB68029003A8B0065CA8D /* NavigationBar.swift */; };
		4B5CB68329003BA20065CA8D /* LogoView.swift in Sources */ = {isa = PBXBuildFile; fileRef = 4B5CB68229003BA20065CA8D /* LogoView.swift */; };
		4B5CB686290042A70065CA8D /* Player.swift in Sources */ = {isa = PBXBuildFile; fileRef = 4B5CB685290042A70065CA8D /* Player.swift */; };
		4B5CB689290042FA0065CA8D /* CodableBundleExtension.swift in Sources */ = {isa = PBXBuildFile; fileRef = 4B5CB688290042FA0065CA8D /* CodableBundleExtension.swift */; };
		4B5CB68B290044380065CA8D /* LocalJsonData.swift in Sources */ = {isa = PBXBuildFile; fileRef = 4B5CB68A290044380065CA8D /* LocalJsonData.swift */; };
		4B5CB68E2900454B0065CA8D /* HomeState.swift in Sources */ = {isa = PBXBuildFile; fileRef = 4B5CB68D2900454B0065CA8D /* HomeState.swift */; };
		4B5CB690290046AA0065CA8D /* FeatureItemView.swift in Sources */ = {isa = PBXBuildFile; fileRef = 4B5CB68F290046AA0065CA8D /* FeatureItemView.swift */; };
		4B5CB6922900473A0065CA8D /* FeatureTabView.swift in Sources */ = {isa = PBXBuildFile; fileRef = 4B5CB6912900473A0065CA8D /* FeatureTabView.swift */; };
		88FFE2072901A6680033F690 /* TitleView.swift in Sources */ = {isa = PBXBuildFile; fileRef = 88FFE2062901A6680033F690 /* TitleView.swift */; };
		88FFE2092901A7A40033F690 /* Product.swift in Sources */ = {isa = PBXBuildFile; fileRef = 88FFE2082901A7A40033F690 /* Product.swift */; };
		88FFE20B2901A8BD0033F690 /* ProductItemView.swift in Sources */ = {isa = PBXBuildFile; fileRef = 88FFE20A2901A8BD0033F690 /* ProductItemView.swift */; };
		88FFE20D2901AAF20033F690 /* ProductGridView.swift in Sources */ = {isa = PBXBuildFile; fileRef = 88FFE20C2901AAF20033F690 /* ProductGridView.swift */; };
/* End PBXBuildFile section */

/* Begin PBXFileReference section */
		4B3AC276290143E80028E443 /* Category.swift */ = {isa = PBXFileReference; lastKnownFileType = sourcecode.swift; path = Category.swift; sourceTree = "<group>"; };
		4B3AC27A29016A9F0028E443 /* CategoryItemView.swift */ = {isa = PBXFileReference; lastKnownFileType = sourcecode.swift; path = CategoryItemView.swift; sourceTree = "<group>"; };
		4B3AC27C29016D3C0028E443 /* CategoryGridView.swift */ = {isa = PBXFileReference; lastKnownFileType = sourcecode.swift; path = CategoryGridView.swift; sourceTree = "<group>"; };
		4B3AC27E29016F680028E443 /* SectionView.swift */ = {isa = PBXFileReference; lastKnownFileType = sourcecode.swift; path = SectionView.swift; sourceTree = "<group>"; };
		4B5CB655290031690065CA8D /* Touchdown.app */ = {isa = PBXFileReference; explicitFileType = wrapper.application; includeInIndex = 0; path = Touchdown.app; sourceTree = BUILT_PRODUCTS_DIR; };
		4B5CB658290031690065CA8D /* TouchdownApp.swift */ = {isa = PBXFileReference; lastKnownFileType = sourcecode.swift; path = TouchdownApp.swift; sourceTree = "<group>"; };
		4B5CB65A290031690065CA8D /* HomeView.swift */ = {isa = PBXFileReference; lastKnownFileType = sourcecode.swift; path = HomeView.swift; sourceTree = "<group>"; };
		4B5CB65C2900316B0065CA8D /* Assets.xcassets */ = {isa = PBXFileReference; lastKnownFileType = folder.assetcatalog; path = Assets.xcassets; sourceTree = "<group>"; };
		4B5CB65F2900316B0065CA8D /* Preview Assets.xcassets */ = {isa = PBXFileReference; lastKnownFileType = folder.assetcatalog; path = "Preview Assets.xcassets"; sourceTree = "<group>"; };
		4B5CB666290032550065CA8D /* brand.json */ = {isa = PBXFileReference; fileEncoding = 4; lastKnownFileType = text.json; path = brand.json; sourceTree = "<group>"; };
		4B5CB667290032550065CA8D /* player.json */ = {isa = PBXFileReference; fileEncoding = 4; lastKnownFileType = text.json; path = player.json; sourceTree = "<group>"; };
		4B5CB668290032550065CA8D /* product.json */ = {isa = PBXFileReference; fileEncoding = 4; lastKnownFileType = text.json; path = product.json; sourceTree = "<group>"; };
		4B5CB669290032550065CA8D /* category.json */ = {isa = PBXFileReference; fileEncoding = 4; lastKnownFileType = text.json; path = category.json; sourceTree = "<group>"; };
		4B5CB6742900330F0065CA8D /* Info.plist */ = {isa = PBXFileReference; lastKnownFileType = text.plist; path = Info.plist; sourceTree = "<group>"; };
		4B5CB6752900348E0065CA8D /* LaunchScreen.storyboard */ = {isa = PBXFileReference; lastKnownFileType = file.storyboard; path = LaunchScreen.storyboard; sourceTree = "<group>"; };
		4B5CB67B290036F90065CA8D /* Style.swift */ = {isa = PBXFileReference; lastKnownFileType = sourcecode.swift; path = Style.swift; sourceTree = "<group>"; };
		4B5CB67D290038270065CA8D /* FooterView.swift */ = {isa = PBXFileReference; fileEncoding = 4; lastKnownFileType = sourcecode.swift; path = FooterView.swift; sourceTree = "<group>"; };
		4B5CB68029003A8B0065CA8D /* NavigationBar.swift */ = {isa = PBXFileReference; lastKnownFileType = sourcecode.swift; path = NavigationBar.swift; sourceTree = "<group>"; };
		4B5CB68229003BA20065CA8D /* LogoView.swift */ = {isa = PBXFileReference; lastKnownFileType = sourcecode.swift; path = LogoView.swift; sourceTree = "<group>"; };
		4B5CB685290042A70065CA8D /* Player.swift */ = {isa = PBXFileReference; lastKnownFileType = sourcecode.swift; path = Player.swift; sourceTree = "<group>"; };
		4B5CB688290042FA0065CA8D /* CodableBundleExtension.swift */ = {isa = PBXFileReference; lastKnownFileType = sourcecode.swift; path = CodableBundleExtension.swift; sourceTree = "<group>"; };
		4B5CB68A290044380065CA8D /* LocalJsonData.swift */ = {isa = PBXFileReference; lastKnownFileType = sourcecode.swift; path = LocalJsonData.swift; sourceTree = "<group>"; };
		4B5CB68D2900454B0065CA8D /* HomeState.swift */ = {isa = PBXFileReference; lastKnownFileType = sourcecode.swift; path = HomeState.swift; sourceTree = "<group>"; };
		4B5CB68F290046AA0065CA8D /* FeatureItemView.swift */ = {isa = PBXFileReference; lastKnownFileType = sourcecode.swift; path = FeatureItemView.swift; sourceTree = "<group>"; };
		4B5CB6912900473A0065CA8D /* FeatureTabView.swift */ = {isa = PBXFileReference; lastKnownFileType = sourcecode.swift; path = FeatureTabView.swift; sourceTree = "<group>"; };
		88FFE2062901A6680033F690 /* TitleView.swift */ = {isa = PBXFileReference; lastKnownFileType = sourcecode.swift; path = TitleView.swift; sourceTree = "<group>"; };
		88FFE2082901A7A40033F690 /* Product.swift */ = {isa = PBXFileReference; lastKnownFileType = sourcecode.swift; path = Product.swift; sourceTree = "<group>"; };
		88FFE20A2901A8BD0033F690 /* ProductItemView.swift */ = {isa = PBXFileReference; lastKnownFileType = sourcecode.swift; path = ProductItemView.swift; sourceTree = "<group>"; };
		88FFE20C2901AAF20033F690 /* ProductGridView.swift */ = {isa = PBXFileReference; lastKnownFileType = sourcecode.swift; path = ProductGridView.swift; sourceTree = "<group>"; };
/* End PBXFileReference section */

/* Begin PBXFrameworksBuildPhase section */
		4B5CB652290031690065CA8D /* Frameworks */ = {
			isa = PBXFrameworksBuildPhase;
			buildActionMask = 2147483647;
			files = (
				4B5CB671290032D20065CA8D /* ComposableArchitecture in Frameworks */,
				4B5CB673290032D20065CA8D /* Dependencies in Frameworks */,
			);
			runOnlyForDeploymentPostprocessing = 0;
		};
/* End PBXFrameworksBuildPhase section */

/* Begin PBXGroup section */
		4B5CB64C290031690065CA8D = {
			isa = PBXGroup;
			children = (
				4B5CB657290031690065CA8D /* Touchdown */,
				4B5CB656290031690065CA8D /* Products */,
			);
			sourceTree = "<group>";
		};
		4B5CB656290031690065CA8D /* Products */ = {
			isa = PBXGroup;
			children = (
				4B5CB655290031690065CA8D /* Touchdown.app */,
			);
			name = Products;
			sourceTree = "<group>";
		};
		4B5CB657290031690065CA8D /* Touchdown */ = {
			isa = PBXGroup;
			children = (
				4B5CB68C2900453B0065CA8D /* State */,
				4B5CB687290042E60065CA8D /* Extensions */,
				4B5CB6742900330F0065CA8D /* Info.plist */,
				4B5CB684290042900065CA8D /* Data */,
				4B5CB67A290036E20065CA8D /* Utility */,
				4B5CB66E290032610065CA8D /* Json */,
				4B5CB678290034F90065CA8D /* View */,
				4B5CB679290035030065CA8D /* Screen */,
				4B5CB677290034EC0065CA8D /* App */,
				4B5CB65C2900316B0065CA8D /* Assets.xcassets */,
				4B5CB65E2900316B0065CA8D /* Preview Content */,
				4B5CB6752900348E0065CA8D /* LaunchScreen.storyboard */,
			);
			path = Touchdown;
			sourceTree = "<group>";
		};
		4B5CB65E2900316B0065CA8D /* Preview Content */ = {
			isa = PBXGroup;
			children = (
				4B5CB65F2900316B0065CA8D /* Preview Assets.xcassets */,
			);
			path = "Preview Content";
			sourceTree = "<group>";
		};
		4B5CB66E290032610065CA8D /* Json */ = {
			isa = PBXGroup;
			children = (
				4B5CB666290032550065CA8D /* brand.json */,
				4B5CB669290032550065CA8D /* category.json */,
				4B5CB667290032550065CA8D /* player.json */,
				4B5CB668290032550065CA8D /* product.json */,
			);
			path = Json;
			sourceTree = "<group>";
		};
		4B5CB677290034EC0065CA8D /* App */ = {
			isa = PBXGroup;
			children = (
				4B5CB658290031690065CA8D /* TouchdownApp.swift */,
			);
			path = App;
			sourceTree = "<group>";
		};
		4B5CB678290034F90065CA8D /* View */ = {
			isa = PBXGroup;
			children = (
				4B5CB67F2900382B0065CA8D /* Home */,
			);
			path = View;
			sourceTree = "<group>";
		};
		4B5CB679290035030065CA8D /* Screen */ = {
			isa = PBXGroup;
			children = (
				4B5CB65A290031690065CA8D /* HomeView.swift */,
			);
			path = Screen;
			sourceTree = "<group>";
		};
		4B5CB67A290036E20065CA8D /* Utility */ = {
			isa = PBXGroup;
			children = (
				4B5CB67B290036F90065CA8D /* Style.swift */,
				4B5CB68A290044380065CA8D /* LocalJsonData.swift */,
			);
			path = Utility;
			sourceTree = "<group>";
		};
		4B5CB67F2900382B0065CA8D /* Home */ = {
			isa = PBXGroup;
			children = (
				4B5CB67D290038270065CA8D /* FooterView.swift */,
				4B5CB68029003A8B0065CA8D /* NavigationBar.swift */,
				4B5CB68229003BA20065CA8D /* LogoView.swift */,
				4B5CB68F290046AA0065CA8D /* FeatureItemView.swift */,
				4B5CB6912900473A0065CA8D /* FeatureTabView.swift */,
				4B3AC27A29016A9F0028E443 /* CategoryItemView.swift */,
				4B3AC27C29016D3C0028E443 /* CategoryGridView.swift */,
				4B3AC27E29016F680028E443 /* SectionView.swift */,
				88FFE2062901A6680033F690 /* TitleView.swift */,
				88FFE20A2901A8BD0033F690 /* ProductItemView.swift */,
				88FFE20C2901AAF20033F690 /* ProductGridView.swift */,
			);
			path = Home;
			sourceTree = "<group>";
		};
		4B5CB684290042900065CA8D /* Data */ = {
			isa = PBXGroup;
			children = (
				4B5CB685290042A70065CA8D /* Player.swift */,
				4B3AC276290143E80028E443 /* Category.swift */,
				88FFE2082901A7A40033F690 /* Product.swift */,
			);
			path = Data;
			sourceTree = "<group>";
		};
		4B5CB687290042E60065CA8D /* Extensions */ = {
			isa = PBXGroup;
			children = (
				4B5CB688290042FA0065CA8D /* CodableBundleExtension.swift */,
			);
			path = Extensions;
			sourceTree = "<group>";
		};
		4B5CB68C2900453B0065CA8D /* State */ = {
			isa = PBXGroup;
			children = (
				4B5CB68D2900454B0065CA8D /* HomeState.swift */,
			);
			path = State;
			sourceTree = "<group>";
		};
/* End PBXGroup section */

/* Begin PBXNativeTarget section */
		4B5CB654290031690065CA8D /* Touchdown */ = {
			isa = PBXNativeTarget;
			buildConfigurationList = 4B5CB6632900316B0065CA8D /* Build configuration list for PBXNativeTarget "Touchdown" */;
			buildPhases = (
				4B5CB651290031690065CA8D /* Sources */,
				4B5CB652290031690065CA8D /* Frameworks */,
				4B5CB653290031690065CA8D /* Resources */,
			);
			buildRules = (
			);
			dependencies = (
			);
			name = Touchdown;
			packageProductDependencies = (
				4B5CB670290032D20065CA8D /* ComposableArchitecture */,
				4B5CB672290032D20065CA8D /* Dependencies */,
			);
			productName = Touchdown;
			productReference = 4B5CB655290031690065CA8D /* Touchdown.app */;
			productType = "com.apple.product-type.application";
		};
/* End PBXNativeTarget section */

/* Begin PBXProject section */
		4B5CB64D290031690065CA8D /* Project object */ = {
			isa = PBXProject;
			attributes = {
				BuildIndependentTargetsInParallel = 1;
				LastSwiftUpdateCheck = 1400;
				LastUpgradeCheck = 1400;
				TargetAttributes = {
					4B5CB654290031690065CA8D = {
						CreatedOnToolsVersion = 14.0.1;
					};
				};
			};
			buildConfigurationList = 4B5CB650290031690065CA8D /* Build configuration list for PBXProject "Touchdown" */;
			compatibilityVersion = "Xcode 14.0";
			developmentRegion = en;
			hasScannedForEncodings = 0;
			knownRegions = (
				en,
				Base,
			);
			mainGroup = 4B5CB64C290031690065CA8D;
			packageReferences = (
				4B5CB66F290032D20065CA8D /* XCRemoteSwiftPackageReference "swift-composable-architecture" */,
			);
			productRefGroup = 4B5CB656290031690065CA8D /* Products */;
			projectDirPath = "";
			projectRoot = "";
			targets = (
				4B5CB654290031690065CA8D /* Touchdown */,
			);
		};
/* End PBXProject section */

/* Begin PBXResourcesBuildPhase section */
		4B5CB653290031690065CA8D /* Resources */ = {
			isa = PBXResourcesBuildPhase;
			buildActionMask = 2147483647;
			files = (
				4B5CB66B290032550065CA8D /* player.json in Resources */,
				4B5CB6602900316B0065CA8D /* Preview Assets.xcassets in Resources */,
				4B5CB65D2900316B0065CA8D /* Assets.xcassets in Resources */,
				4B5CB66D290032550065CA8D /* category.json in Resources */,
				4B5CB6762900348E0065CA8D /* LaunchScreen.storyboard in Resources */,
				4B5CB66A290032550065CA8D /* brand.json in Resources */,
				4B5CB66C290032550065CA8D /* product.json in Resources */,
			);
			runOnlyForDeploymentPostprocessing = 0;
		};
/* End PBXResourcesBuildPhase section */

/* Begin PBXSourcesBuildPhase section */
		4B5CB651290031690065CA8D /* Sources */ = {
			isa = PBXSourcesBuildPhase;
			buildActionMask = 2147483647;
			files = (
				4B5CB689290042FA0065CA8D /* CodableBundleExtension.swift in Sources */,
				4B5CB6922900473A0065CA8D /* FeatureTabView.swift in Sources */,
				88FFE20D2901AAF20033F690 /* ProductGridView.swift in Sources */,
				4B5CB68129003A8B0065CA8D /* NavigationBar.swift in Sources */,
				4B3AC27D29016D3C0028E443 /* CategoryGridView.swift in Sources */,
				4B3AC27B29016A9F0028E443 /* CategoryItemView.swift in Sources */,
				4B5CB68329003BA20065CA8D /* LogoView.swift in Sources */,
				88FFE20B2901A8BD0033F690 /* ProductItemView.swift in Sources */,
				4B5CB690290046AA0065CA8D /* FeatureItemView.swift in Sources */,
				4B5CB65B290031690065CA8D /* HomeView.swift in Sources */,
				4B5CB67E290038270065CA8D /* FooterView.swift in Sources */,
				4B5CB68B290044380065CA8D /* LocalJsonData.swift in Sources */,
				4B5CB68E2900454B0065CA8D /* HomeState.swift in Sources */,
				88FFE2092901A7A40033F690 /* Product.swift in Sources */,
				4B3AC277290143E80028E443 /* Category.swift in Sources */,
				88FFE2072901A6680033F690 /* TitleView.swift in Sources */,
				4B3AC27F29016F680028E443 /* SectionView.swift in Sources */,
				4B5CB686290042A70065CA8D /* Player.swift in Sources */,
				4B5CB67C290036F90065CA8D /* Style.swift in Sources */,
				4B5CB659290031690065CA8D /* TouchdownApp.swift in Sources */,
			);
			runOnlyForDeploymentPostprocessing = 0;
		};
/* End PBXSourcesBuildPhase section */

/* Begin XCBuildConfiguration section */
		4B5CB6612900316B0065CA8D /* Debug */ = {
			isa = XCBuildConfiguration;
			buildSettings = {
				ALWAYS_SEARCH_USER_PATHS = NO;
				CLANG_ANALYZER_NONNULL = YES;
				CLANG_ANALYZER_NUMBER_OBJECT_CONVERSION = YES_AGGRESSIVE;
				CLANG_CXX_LANGUAGE_STANDARD = "gnu++20";
				CLANG_ENABLE_MODULES = YES;
				CLANG_ENABLE_OBJC_ARC = YES;
				CLANG_ENABLE_OBJC_WEAK = YES;
				CLANG_WARN_BLOCK_CAPTURE_AUTORELEASING = YES;
				CLANG_WARN_BOOL_CONVERSION = YES;
				CLANG_WARN_COMMA = YES;
				CLANG_WARN_CONSTANT_CONVERSION = YES;
				CLANG_WARN_DEPRECATED_OBJC_IMPLEMENTATIONS = YES;
				CLANG_WARN_DIRECT_OBJC_ISA_USAGE = YES_ERROR;
				CLANG_WARN_DOCUMENTATION_COMMENTS = YES;
				CLANG_WARN_EMPTY_BODY = YES;
				CLANG_WARN_ENUM_CONVERSION = YES;
				CLANG_WARN_INFINITE_RECURSION = YES;
				CLANG_WARN_INT_CONVERSION = YES;
				CLANG_WARN_NON_LITERAL_NULL_CONVERSION = YES;
				CLANG_WARN_OBJC_IMPLICIT_RETAIN_SELF = YES;
				CLANG_WARN_OBJC_LITERAL_CONVERSION = YES;
				CLANG_WARN_OBJC_ROOT_CLASS = YES_ERROR;
				CLANG_WARN_QUOTED_INCLUDE_IN_FRAMEWORK_HEADER = YES;
				CLANG_WARN_RANGE_LOOP_ANALYSIS = YES;
				CLANG_WARN_STRICT_PROTOTYPES = YES;
				CLANG_WARN_SUSPICIOUS_MOVE = YES;
				CLANG_WARN_UNGUARDED_AVAILABILITY = YES_AGGRESSIVE;
				CLANG_WARN_UNREACHABLE_CODE = YES;
				CLANG_WARN__DUPLICATE_METHOD_MATCH = YES;
				COPY_PHASE_STRIP = NO;
				DEBUG_INFORMATION_FORMAT = dwarf;
				ENABLE_STRICT_OBJC_MSGSEND = YES;
				ENABLE_TESTABILITY = YES;
				GCC_C_LANGUAGE_STANDARD = gnu11;
				GCC_DYNAMIC_NO_PIC = NO;
				GCC_NO_COMMON_BLOCKS = YES;
				GCC_OPTIMIZATION_LEVEL = 0;
				GCC_PREPROCESSOR_DEFINITIONS = (
					"DEBUG=1",
					"$(inherited)",
				);
				GCC_WARN_64_TO_32_BIT_CONVERSION = YES;
				GCC_WARN_ABOUT_RETURN_TYPE = YES_ERROR;
				GCC_WARN_UNDECLARED_SELECTOR = YES;
				GCC_WARN_UNINITIALIZED_AUTOS = YES_AGGRESSIVE;
				GCC_WARN_UNUSED_FUNCTION = YES;
				GCC_WARN_UNUSED_VARIABLE = YES;
				IPHONEOS_DEPLOYMENT_TARGET = 16.0;
				MTL_ENABLE_DEBUG_INFO = INCLUDE_SOURCE;
				MTL_FAST_MATH = YES;
				ONLY_ACTIVE_ARCH = YES;
				SDKROOT = iphoneos;
				SWIFT_ACTIVE_COMPILATION_CONDITIONS = DEBUG;
				SWIFT_OPTIMIZATION_LEVEL = "-Onone";
			};
			name = Debug;
		};
		4B5CB6622900316B0065CA8D /* Release */ = {
			isa = XCBuildConfiguration;
			buildSettings = {
				ALWAYS_SEARCH_USER_PATHS = NO;
				CLANG_ANALYZER_NONNULL = YES;
				CLANG_ANALYZER_NUMBER_OBJECT_CONVERSION = YES_AGGRESSIVE;
				CLANG_CXX_LANGUAGE_STANDARD = "gnu++20";
				CLANG_ENABLE_MODULES = YES;
				CLANG_ENABLE_OBJC_ARC = YES;
				CLANG_ENABLE_OBJC_WEAK = YES;
				CLANG_WARN_BLOCK_CAPTURE_AUTORELEASING = YES;
				CLANG_WARN_BOOL_CONVERSION = YES;
				CLANG_WARN_COMMA = YES;
				CLANG_WARN_CONSTANT_CONVERSION = YES;
				CLANG_WARN_DEPRECATED_OBJC_IMPLEMENTATIONS = YES;
				CLANG_WARN_DIRECT_OBJC_ISA_USAGE = YES_ERROR;
				CLANG_WARN_DOCUMENTATION_COMMENTS = YES;
				CLANG_WARN_EMPTY_BODY = YES;
				CLANG_WARN_ENUM_CONVERSION = YES;
				CLANG_WARN_INFINITE_RECURSION = YES;
				CLANG_WARN_INT_CONVERSION = YES;
				CLANG_WARN_NON_LITERAL_NULL_CONVERSION = YES;
				CLANG_WARN_OBJC_IMPLICIT_RETAIN_SELF = YES;
				CLANG_WARN_OBJC_LITERAL_CONVERSION = YES;
				CLANG_WARN_OBJC_ROOT_CLASS = YES_ERROR;
				CLANG_WARN_QUOTED_INCLUDE_IN_FRAMEWORK_HEADER = YES;
				CLANG_WARN_RANGE_LOOP_ANALYSIS = YES;
				CLANG_WARN_STRICT_PROTOTYPES = YES;
				CLANG_WARN_SUSPICIOUS_MOVE = YES;
				CLANG_WARN_UNGUARDED_AVAILABILITY = YES_AGGRESSIVE;
				CLANG_WARN_UNREACHABLE_CODE = YES;
				CLANG_WARN__DUPLICATE_METHOD_MATCH = YES;
				COPY_PHASE_STRIP = NO;
				DEBUG_INFORMATION_FORMAT = "dwarf-with-dsym";
				ENABLE_NS_ASSERTIONS = NO;
				ENABLE_STRICT_OBJC_MSGSEND = YES;
				GCC_C_LANGUAGE_STANDARD = gnu11;
				GCC_NO_COMMON_BLOCKS = YES;
				GCC_WARN_64_TO_32_BIT_CONVERSION = YES;
				GCC_WARN_ABOUT_RETURN_TYPE = YES_ERROR;
				GCC_WARN_UNDECLARED_SELECTOR = YES;
				GCC_WARN_UNINITIALIZED_AUTOS = YES_AGGRESSIVE;
				GCC_WARN_UNUSED_FUNCTION = YES;
				GCC_WARN_UNUSED_VARIABLE = YES;
				IPHONEOS_DEPLOYMENT_TARGET = 16.0;
				MTL_ENABLE_DEBUG_INFO = NO;
				MTL_FAST_MATH = YES;
				SDKROOT = iphoneos;
				SWIFT_COMPILATION_MODE = wholemodule;
				SWIFT_OPTIMIZATION_LEVEL = "-O";
				VALIDATE_PRODUCT = YES;
			};
			name = Release;
		};
		4B5CB6642900316B0065CA8D /* Debug */ = {
			isa = XCBuildConfiguration;
			buildSettings = {
				ASSETCATALOG_COMPILER_APPICON_NAME = AppIcon;
				ASSETCATALOG_COMPILER_GLOBAL_ACCENT_COLOR_NAME = AccentColor;
				CODE_SIGN_STYLE = Automatic;
				CURRENT_PROJECT_VERSION = 1;
				DEVELOPMENT_ASSET_PATHS = "\"Touchdown/Preview Content\"";
				DEVELOPMENT_TEAM = 4S9958AXA5;
				ENABLE_PREVIEWS = YES;
				GENERATE_INFOPLIST_FILE = YES;
				INFOPLIST_FILE = Touchdown/Info.plist;
				INFOPLIST_KEY_UIApplicationSceneManifest_Generation = YES;
				INFOPLIST_KEY_UIApplicationSupportsIndirectInputEvents = YES;
				INFOPLIST_KEY_UILaunchStoryboardName = LaunchScreen.storyboard;
				INFOPLIST_KEY_UISupportedInterfaceOrientations = UIInterfaceOrientationPortrait;
				INFOPLIST_KEY_UISupportedInterfaceOrientations_iPad = "UIInterfaceOrientationLandscapeLeft UIInterfaceOrientationLandscapeRight UIInterfaceOrientationPortrait UIInterfaceOrientationPortraitUpsideDown";
				INFOPLIST_KEY_UIUserInterfaceStyle = Light;
				LD_RUNPATH_SEARCH_PATHS = (
					"$(inherited)",
					"@executable_path/Frameworks",
				);
				MARKETING_VERSION = 1.0;
				PRODUCT_BUNDLE_IDENTIFIER = com.gmail.dlwlrjs1.Touchdown;
				PRODUCT_NAME = "$(TARGET_NAME)";
				SWIFT_EMIT_LOC_STRINGS = YES;
				SWIFT_VERSION = 5.0;
				TARGETED_DEVICE_FAMILY = "1,2";
			};
			name = Debug;
		};
		4B5CB6652900316B0065CA8D /* Release */ = {
			isa = XCBuildConfiguration;
			buildSettings = {
				ASSETCATALOG_COMPILER_APPICON_NAME = AppIcon;
				ASSETCATALOG_COMPILER_GLOBAL_ACCENT_COLOR_NAME = AccentColor;
				CODE_SIGN_STYLE = Automatic;
				CURRENT_PROJECT_VERSION = 1;
				DEVELOPMENT_ASSET_PATHS = "\"Touchdown/Preview Content\"";
				DEVELOPMENT_TEAM = 4S9958AXA5;
				ENABLE_PREVIEWS = YES;
				GENERATE_INFOPLIST_FILE = YES;
				INFOPLIST_FILE = Touchdown/Info.plist;
				INFOPLIST_KEY_UIApplicationSceneManifest_Generation = YES;
				INFOPLIST_KEY_UIApplicationSupportsIndirectInputEvents = YES;
				INFOPLIST_KEY_UILaunchStoryboardName = LaunchScreen.storyboard;
				INFOPLIST_KEY_UISupportedInterfaceOrientations = UIInterfaceOrientationPortrait;
				INFOPLIST_KEY_UISupportedInterfaceOrientations_iPad = "UIInterfaceOrientationLandscapeLeft UIInterfaceOrientationLandscapeRight UIInterfaceOrientationPortrait UIInterfaceOrientationPortraitUpsideDown";
				INFOPLIST_KEY_UIUserInterfaceStyle = Light;
				LD_RUNPATH_SEARCH_PATHS = (
					"$(inherited)",
					"@executable_path/Frameworks",
				);
				MARKETING_VERSION = 1.0;
				PRODUCT_BUNDLE_IDENTIFIER = com.gmail.dlwlrjs1.Touchdown;
				PRODUCT_NAME = "$(TARGET_NAME)";
				SWIFT_EMIT_LOC_STRINGS = YES;
				SWIFT_VERSION = 5.0;
				TARGETED_DEVICE_FAMILY = "1,2";
			};
			name = Release;
		};
/* End XCBuildConfiguration section */

/* Begin XCConfigurationList section */
		4B5CB650290031690065CA8D /* Build configuration list for PBXProject "Touchdown" */ = {
			isa = XCConfigurationList;
			buildConfigurations = (
				4B5CB6612900316B0065CA8D /* Debug */,
				4B5CB6622900316B0065CA8D /* Release */,
			);
			defaultConfigurationIsVisible = 0;
			defaultConfigurationName = Release;
		};
		4B5CB6632900316B0065CA8D /* Build configuration list for PBXNativeTarget "Touchdown" */ = {
			isa = XCConfigurationList;
			buildConfigurations = (
				4B5CB6642900316B0065CA8D /* Debug */,
				4B5CB6652900316B0065CA8D /* Release */,
			);
			defaultConfigurationIsVisible = 0;
			defaultConfigurationName = Release;
		};
/* End XCConfigurationList section */

/* Begin XCRemoteSwiftPackageReference section */
		4B5CB66F290032D20065CA8D /* XCRemoteSwiftPackageReference "swift-composable-architecture" */ = {
			isa = XCRemoteSwiftPackageReference;
			repositoryURL = "https://github.com/pointfreeco/swift-composable-architecture";
			requirement = {
				branch = main;
				kind = branch;
			};
		};
/* End XCRemoteSwiftPackageReference section */

/* Begin XCSwiftPackageProductDependency section */
		4B5CB670290032D20065CA8D /* ComposableArchitecture */ = {
			isa = XCSwiftPackageProductDependency;
			package = 4B5CB66F290032D20065CA8D /* XCRemoteSwiftPackageReference "swift-composable-architecture" */;
			productName = ComposableArchitecture;
		};
		4B5CB672290032D20065CA8D /* Dependencies */ = {
			isa = XCSwiftPackageProductDependency;
			package = 4B5CB66F290032D20065CA8D /* XCRemoteSwiftPackageReference "swift-composable-architecture" */;
			productName = Dependencies;
		};
/* End XCSwiftPackageProductDependency section */
	};
	rootObject = 4B5CB64D290031690065CA8D /* Project object */;
}
